// !$*UTF8*$!
{
	archiveVersion = 1;
	classes = {
	};
	objectVersion = 46;
	objects = {

/* Begin PBXBuildFile section */
		6BACAEB1157EB318002A4745 /* UIKit.framework in Frameworks */ = {isa = PBXBuildFile; fileRef = 6BACAEB0157EB318002A4745 /* UIKit.framework */; };
		6BACAEB3157EB318002A4745 /* Foundation.framework in Frameworks */ = {isa = PBXBuildFile; fileRef = 6BACAEB2157EB318002A4745 /* Foundation.framework */; };
		6BACAEB5157EB318002A4745 /* CoreGraphics.framework in Frameworks */ = {isa = PBXBuildFile; fileRef = 6BACAEB4157EB318002A4745 /* CoreGraphics.framework */; };
		6BACAEBB157EB318002A4745 /* InfoPlist.strings in Resources */ = {isa = PBXBuildFile; fileRef = 6BACAEB9157EB318002A4745 /* InfoPlist.strings */; };
		6BACAEBD157EB318002A4745 /* main.m in Sources */ = {isa = PBXBuildFile; fileRef = 6BACAEBC157EB318002A4745 /* main.m */; };
		6BACAEC1157EB318002A4745 /* Jun7AppDelegate.m in Sources */ = {isa = PBXBuildFile; fileRef = 6BACAEC0157EB318002A4745 /* Jun7AppDelegate.m */; };
/* End PBXBuildFile section */

/* Begin PBXFileReference section */
		6BACAEAC157EB318002A4745 /* Jun7.app */ = {isa = PBXFileReference; explicitFileType = wrapper.application; includeInIndex = 0; path = Jun7.app; sourceTree = BUILT_PRODUCTS_DIR; };
		6BACAEB0157EB318002A4745 /* UIKit.framework */ = {isa = PBXFileReference; lastKnownFileType = wrapper.framework; name = UIKit.framework; path = System/Library/Frameworks/UIKit.framework; sourceTree = SDKROOT; };
		6BACAEB2157EB318002A4745 /* Foundation.framework */ = {isa = PBXFileReference; lastKnownFileType = wrapper.framework; name = Foundation.framework; path = System/Library/Frameworks/Foundation.framework; sourceTree = SDKROOT; };
		6BACAEB4157EB318002A4745 /* CoreGraphics.framework */ = {isa = PBXFileReference; lastKnownFileType = wrapper.framework; name = CoreGraphics.framework; path = System/Library/Frameworks/CoreGraphics.framework; sourceTree = SDKROOT; };
		6BACAEB8157EB318002A4745 /* Jun7-Info.plist */ = {isa = PBXFileReference; path = "Jun7-Info.plist"; sourceTree = "<group>"; };
		6BACAEBA157EB318002A4745 /* en */ = {isa = PBXFileReference; lastKnownFileType = text.plist.strings; name = en; path = en.lproj/InfoPlist.strings; sourceTree = "<group>"; };
		6BACAEBC157EB318002A4745 /* main.m */ = {isa = PBXFileReference; lastKnownFileType = sourcecode.c.objc; path = main.m; sourceTree = "<group>"; };
		6BACAEBE157EB318002A4745 /* Jun7-Prefix.pch */ = {isa = PBXFileReference; path = "Jun7-Prefix.pch"; sourceTree = "<group>"; };
		6BACAEBF157EB318002A4745 /* Jun7AppDelegate.h */ = {isa = PBXFileReference; path = Jun7AppDelegate.h; sourceTree = "<group>"; };
		6BACAEC0157EB318002A4745 /* Jun7AppDelegate.m */ = {isa = PBXFileReference; lastKnownFileType = sourcecode.c.objc; path = Jun7AppDelegate.m; sourceTree = "<group>"; };
/* End PBXFileReference section */

/* Begin PBXFrameworksBuildPhase section */
		6BACAEA9157EB317002A4745 /* Frameworks */ = {
			isa = PBXFrameworksBuildPhase;
			buildActionMask = 2147483647;
			files = (
				6BACAEB1157EB318002A4745 /* UIKit.framework in Frameworks */,
				6BACAEB3157EB318002A4745 /* Foundation.framework in Frameworks */,
				6BACAEB5157EB318002A4745 /* CoreGraphics.framework in Frameworks */,
			);
			runOnlyForDeploymentPostprocessing = 0;
		};
/* End PBXFrameworksBuildPhase section */

/* Begin PBXGroup section */
		6BACAEA1157EB317002A4745 = {
			isa = PBXGroup;
			children = (
				6BACAEB6157EB318002A4745 /* Jun7 */,
				6BACAEAF157EB318002A4745 /* Frameworks */,
				6BACAEAD157EB318002A4745 /* Products */,
			);
			sourceTree = "<group>";
		};
		6BACAEAD157EB318002A4745 /* Products */ = {
			isa = PBXGroup;
			children = (
				6BACAEAC157EB318002A4745 /* Jun7.app */,
			);
			name = Products;
			sourceTree = "<group>";
		};
		6BACAEAF157EB318002A4745 /* Frameworks */ = {
			isa = PBXGroup;
			children = (
				6BACAEB0157EB318002A4745 /* UIKit.framework */,
				6BACAEB2157EB318002A4745 /* Foundation.framework */,
				6BACAEB4157EB318002A4745 /* CoreGraphics.framework */,
			);
			name = Frameworks;
			sourceTree = "<group>";
		};
		6BACAEB6157EB318002A4745 /* Jun7 */ = {
			isa = PBXGroup;
			children = (
				6BACAEBF157EB318002A4745 /* Jun7AppDelegate.h */,
				6BACAEC0157EB318002A4745 /* Jun7AppDelegate.m */,
				6BACAEB7157EB318002A4745 /* Supporting Files */,
			);
			path = Jun7;
			sourceTree = "<group>";
		};
		6BACAEB7157EB318002A4745 /* Supporting Files */ = {
			isa = PBXGroup;
			children = (
				6BACAEB8157EB318002A4745 /* Jun7-Info.plist */,
				6BACAEB9157EB318002A4745 /* InfoPlist.strings */,
				6BACAEBC157EB318002A4745 /* main.m */,
				6BACAEBE157EB318002A4745 /* Jun7-Prefix.pch */,
			);
			name = "Supporting Files";
			sourceTree = "<group>";
		};
/* End PBXGroup section */

/* Begin PBXNativeTarget section */
		6BACAEAB157EB317002A4745 /* Jun7 */ = {
			isa = PBXNativeTarget;
			buildConfigurationList = 6BACAEC4157EB318002A4745 /* Build configuration list for PBXNativeTarget "Jun7" */;
			buildPhases = (
				6BACAEA8157EB317002A4745 /* Sources */,
				6BACAEA9157EB317002A4745 /* Frameworks */,
				6BACAEAA157EB317002A4745 /* Resources */,
			);
			buildRules = (
			);
			dependencies = (
			);
			name = Jun7;
			productName = Jun7;
			productReference = 6BACAEAC157EB318002A4745 /* Jun7.app */;
			productType = "com.apple.product-type.application";
		};
/* End PBXNativeTarget section */

/* Begin PBXProject section */
		6BACAEA3157EB317002A4745 /* Project object */ = {
			isa = PBXProject;
			attributes = {
				LastUpgradeCheck = 0420;
			};
			buildConfigurationList = 6BACAEA6157EB317002A4745 /* Build configuration list for PBXProject "Jun7" */;
			compatibilityVersion = "Xcode 3.2";
			developmentRegion = English;
			hasScannedForEncodings = 0;
			knownRegions = (
				en,
			);
			mainGroup = 6BACAEA1157EB317002A4745;
			productRefGroup = 6BACAEAD157EB318002A4745 /* Products */;
			projectDirPath = "";
			projectRoot = "";
			targets = (
				6BACAEAB157EB317002A4745 /* Jun7 */,
			);
		};
/* End PBXProject section */

/* Begin PBXResourcesBuildPhase section */
		6BACAEAA157EB317002A4745 /* Resources */ = {
			isa = PBXResourcesBuildPhase;
			buildActionMask = 2147483647;
			files = (
				6BACAEBB157EB318002A4745 /* InfoPlist.strings in Resources */,
			);
			runOnlyForDeploymentPostprocessing = 0;
		};
/* End PBXResourcesBuildPhase section */

/* Begin PBXSourcesBuildPhase section */
		6BACAEA8157EB317002A4745 /* Sources */ = {
			isa = PBXSourcesBuildPhase;
			buildActionMask = 2147483647;
			files = (
				6BACAEBD157EB318002A4745 /* main.m in Sources */,
				6BACAEC1157EB318002A4745 /* Jun7AppDelegate.m in Sources */,
			);
			runOnlyForDeploymentPostprocessing = 0;
		};
/* End PBXSourcesBuildPhase section */

/* Begin PBXVariantGroup section */
		6BACAEB9157EB318002A4745 /* InfoPlist.strings */ = {
			isa = PBXVariantGroup;
			children = (
				6BACAEBA157EB318002A4745 /* en */,
			);
			name = InfoPlist.strings;
			sourceTree = "<group>";
		};
/* End PBXVariantGroup section */

/* Begin XCBuildConfiguration section */
		6BACAEC2157EB318002A4745 /* Debug */ = {
			isa = XCBuildConfiguration;
			buildSettings = {
				ALWAYS_SEARCH_USER_PATHS = NO;
				ARCHS = "$(ARCHS_STANDARD_32_BIT)";
				CLANG_ENABLE_OBJC_ARC = YES;
				"CODE_SIGN_IDENTITY[sdk=iphoneos*]" = "iPhone Developer";
				COPY_PHASE_STRIP = NO;
				GCC_C_LANGUAGE_STANDARD = gnu99;
				GCC_DYNAMIC_NO_PIC = NO;
				GCC_OPTIMIZATION_LEVEL = 0;
				GCC_PREPROCESSOR_DEFINITIONS = (
					"DEBUG=1",
					"$(inherited)",
				);
				GCC_SYMBOLS_PRIVATE_EXTERN = NO;
				GCC_VERSION = com.apple.compilers.llvm.clang.1_0;
				GCC_WARN_ABOUT_MISSING_PROTOTYPES = YES;
				GCC_WARN_ABOUT_RETURN_TYPE = YES;
				GCC_WARN_UNUSED_VARIABLE = YES;
				IPHONEOS_DEPLOYMENT_TARGET = 5.0;
				SDKROOT = iphoneos;
			};
			name = Debug;
		};
		6BACAEC3157EB318002A4745 /* Release */ = {
			isa = XCBuildConfiguration;
			buildSettings = {
				ALWAYS_SEARCH_USER_PATHS = NO;
				ARCHS = "$(ARCHS_STANDARD_32_BIT)";
				CLANG_ENABLE_OBJC_ARC = YES;
				"CODE_SIGN_IDENTITY[sdk=iphoneos*]" = "iPhone Developer";
				COPY_PHASE_STRIP = YES;
				GCC_C_LANGUAGE_STANDARD = gnu99;
				GCC_VERSION = com.apple.compilers.llvm.clang.1_0;
				GCC_WARN_ABOUT_MISSING_PROTOTYPES = YES;
				GCC_WARN_ABOUT_RETURN_TYPE = YES;
				GCC_WARN_UNUSED_VARIABLE = YES;
				IPHONEOS_DEPLOYMENT_TARGET = 5.0;
				OTHER_CFLAGS = "-DNS_BLOCK_ASSERTIONS=1";
				SDKROOT = iphoneos;
				VALIDATE_PRODUCT = YES;
			};
			name = Release;
		};
		6BACAEC5157EB318002A4745 /* Debug */ = {
			isa = XCBuildConfiguration;
			buildSettings = {
				GCC_PRECOMPILE_PREFIX_HEADER = YES;
				GCC_PREFIX_HEADER = "Jun7/Jun7-Prefix.pch";
				INFOPLIST_FILE = "Jun7/Jun7-Info.plist";
				PRODUCT_NAME = "$(TARGET_NAME)";
				WRAPPER_EXTENSION = app;
			};
			name = Debug;
		};
		6BACAEC6157EB318002A4745 /* Release */ = {
			isa = XCBuildConfiguration;
			buildSettings = {
				GCC_PRECOMPILE_PREFIX_HEADER = YES;
				GCC_PREFIX_HEADER = "Jun7/Jun7-Prefix.pch";
				INFOPLIST_FILE = "Jun7/Jun7-Info.plist";
				PRODUCT_NAME = "$(TARGET_NAME)";
				WRAPPER_EXTENSION = app;
			};
			name = Release;
		};
/* End XCBuildConfiguration section */

/* Begin XCConfigurationList section */
		6BACAEA6157EB317002A4745 /* Build configuration list for PBXProject "Jun7" */ = {
			isa = XCConfigurationList;
			buildConfigurations = (
				6BACAEC2157EB318002A4745 /* Debug */,
				6BACAEC3157EB318002A4745 /* Release */,
			);
			defaultConfigurationIsVisible = 0;
			defaultConfigurationName = Release;
		};
		6BACAEC4157EB318002A4745 /* Build configuration list for PBXNativeTarget "Jun7" */ = {
			isa = XCConfigurationList;
			buildConfigurations = (
				6BACAEC5157EB318002A4745 /* Debug */,
				6BACAEC6157EB318002A4745 /* Release */,
			);
			defaultConfigurationIsVisible = 0;
		};
/* End XCConfigurationList section */
	};
	rootObject = 6BACAEA3157EB317002A4745 /* Project object */;
}
